
Microsoft Visual Studio Solution File, Format Version 12.00
Project("{FAE04EC0-301F-11D3-BF4B-00C04F79EFBC}") = "ThinkAloud", "ThinkAloud\ThinkAloud.csproj", "{BE46BCBC-2458-436C-89F4-A587905EEDC2}"
EndProject
Global
	GlobalSection(SolutionConfigurationPlatforms) = preSolution
		Debug|Any CPU = Debug|Any CPU
		Release|Any CPU = Release|Any CPU
	EndGlobalSection
	GlobalSection(ProjectConfigurationPlatforms) = postSolution
		{BE46BCBC-2458-436C-89F4-A587905EEDC2}.Debug|Any CPU.ActiveCfg = Debug|Any CPU
		{BE46BCBC-2458-436C-89F4-A587905EEDC2}.Debug|Any CPU.Build.0 = Debug|Any CPU
		{BE46BCBC-2458-436C-89F4-A587905EEDC2}.Release|Any CPU.ActiveCfg = Release|Any CPU
		{BE46BCBC-2458-436C-89F4-A587905EEDC2}.Release|Any CPU.Build.0 = Release|Any CPU
	EndGlobalSection
EndGlobal
